
Microsoft Visual Studio Solution File, Format Version 12.00
# Visual Studio Version 16
VisualStudioVersion = 16.0.29025.244
MinimumVisualStudioVersion = 10.0.40219.1
Project("{9A19103F-16F7-4668-BE54-9A1E7A4F7556}") = "AFTPLib", "AFTPLib\AFTPLib.csproj", "{64F5E60D-43D5-4B4F-8962-0B66ADF5DC11}"
EndProject
Project("{9A19103F-16F7-4668-BE54-9A1E7A4F7556}") = "AFTP.Testing", "AFTP.Testing\AFTP.Testing.csproj", "{C1CFBF36-48C3-4D74-8BC2-6EE5B73C7113}"
EndProject
Project("{FAE04EC0-301F-11D3-BF4B-00C04F79EFBC}") = "AFTP.Client", "AFTP.Client\AFTP.Client.csproj", "{415C07E9-B169-4A1E-BCF5-6B0379E65C06}"
EndProject
Global
	GlobalSection(SolutionConfigurationPlatforms) = preSolution
		Debug|Any CPU = Debug|Any CPU
		Release|Any CPU = Release|Any CPU
	EndGlobalSection
	GlobalSection(ProjectConfigurationPlatforms) = postSolution
		{64F5E60D-43D5-4B4F-8962-0B66ADF5DC11}.Debug|Any CPU.ActiveCfg = Debug|Any CPU
		{64F5E60D-43D5-4B4F-8962-0B66ADF5DC11}.Debug|Any CPU.Build.0 = Debug|Any CPU
		{64F5E60D-43D5-4B4F-8962-0B66ADF5DC11}.Release|Any CPU.ActiveCfg = Release|Any CPU
		{64F5E60D-43D5-4B4F-8962-0B66ADF5DC11}.Release|Any CPU.Build.0 = Release|Any CPU
		{C1CFBF36-48C3-4D74-8BC2-6EE5B73C7113}.Debug|Any CPU.ActiveCfg = Debug|Any CPU
		{C1CFBF36-48C3-4D74-8BC2-6EE5B73C7113}.Debug|Any CPU.Build.0 = Debug|Any CPU
		{C1CFBF36-48C3-4D74-8BC2-6EE5B73C7113}.Release|Any CPU.ActiveCfg = Release|Any CPU
		{C1CFBF36-48C3-4D74-8BC2-6EE5B73C7113}.Release|Any CPU.Build.0 = Release|Any CPU
		{415C07E9-B169-4A1E-BCF5-6B0379E65C06}.Debug|Any CPU.ActiveCfg = Debug|Any CPU
		{415C07E9-B169-4A1E-BCF5-6B0379E65C06}.Debug|Any CPU.Build.0 = Debug|Any CPU
		{415C07E9-B169-4A1E-BCF5-6B0379E65C06}.Release|Any CPU.ActiveCfg = Release|Any CPU
		{415C07E9-B169-4A1E-BCF5-6B0379E65C06}.Release|Any CPU.Build.0 = Release|Any CPU
	EndGlobalSection
	GlobalSection(SolutionProperties) = preSolution
		HideSolutionNode = FALSE
	EndGlobalSection
	GlobalSection(ExtensibilityGlobals) = postSolution
		SolutionGuid = {5BAF8947-14CF-41E6-87A8-852D71419FD6}
	EndGlobalSection
EndGlobal
